// !$*UTF8*$!
{
	archiveVersion = 1;
	classes = {
	};
	objectVersion = 56;
	objects = {

/* Begin PBXBuildFile section */
		B27BA0D72C3EC11900B202D2 /* TodosApp.swift in Sources */ = {isa = PBXBuildFile; fileRef = B27BA0D62C3EC11900B202D2 /* TodosApp.swift */; };
		B27BA0D92C3EC11900B202D2 /* TodosView.swift in Sources */ = {isa = PBXBuildFile; fileRef = B27BA0D82C3EC11900B202D2 /* TodosView.swift */; };
		B27BA0DB2C3EC11A00B202D2 /* Assets.xcassets in Resources */ = {isa = PBXBuildFile; fileRef = B27BA0DA2C3EC11A00B202D2 /* Assets.xcassets */; };
		B27BA0DE2C3EC11A00B202D2 /* Preview Assets.xcassets in Resources */ = {isa = PBXBuildFile; fileRef = B27BA0DD2C3EC11A00B202D2 /* Preview Assets.xcassets */; };
		B27BA0E82C3EC11A00B202D2 /* todosTests.swift in Sources */ = {isa = PBXBuildFile; fileRef = B27BA0E72C3EC11A00B202D2 /* todosTests.swift */; };
		B27BA0F22C3EC11A00B202D2 /* todosUITests.swift in Sources */ = {isa = PBXBuildFile; fileRef = B27BA0F12C3EC11A00B202D2 /* todosUITests.swift */; };
		B27BA0F42C3EC11A00B202D2 /* todosUITestsLaunchTests.swift in Sources */ = {isa = PBXBuildFile; fileRef = B27BA0F32C3EC11A00B202D2 /* todosUITestsLaunchTests.swift */; };
		B27BA1012C3EC1B800B202D2 /* Todo.swift in Sources */ = {isa = PBXBuildFile; fileRef = B27BA1002C3EC1B800B202D2 /* Todo.swift */; };
		B27BA1032C3EC43A00B202D2 /* TodoListView.swift in Sources */ = {isa = PBXBuildFile; fileRef = B27BA1022C3EC43A00B202D2 /* TodoListView.swift */; };
		B27BA1052C3EC49200B202D2 /* TodoFormView.swift in Sources */ = {isa = PBXBuildFile; fileRef = B27BA1042C3EC49200B202D2 /* TodoFormView.swift */; };
/* End PBXBuildFile section */

/* Begin PBXContainerItemProxy section */
		B27BA0E42C3EC11A00B202D2 /* PBXContainerItemProxy */ = {
			isa = PBXContainerItemProxy;
			containerPortal = B27BA0CB2C3EC11900B202D2 /* Project object */;
			proxyType = 1;
			remoteGlobalIDString = B27BA0D22C3EC11900B202D2;
			remoteInfo = todos;
		};
		B27BA0EE2C3EC11A00B202D2 /* PBXContainerItemProxy */ = {
			isa = PBXContainerItemProxy;
			containerPortal = B27BA0CB2C3EC11900B202D2 /* Project object */;
			proxyType = 1;
			remoteGlobalIDString = B27BA0D22C3EC11900B202D2;
			remoteInfo = todos;
		};
/* End PBXContainerItemProxy section */

/* Begin PBXFileReference section */
		B27BA0D32C3EC11900B202D2 /* todos.app */ = {isa = PBXFileReference; explicitFileType = wrapper.application; includeInIndex = 0; path = todos.app; sourceTree = BUILT_PRODUCTS_DIR; };
		B27BA0D62C3EC11900B202D2 /* TodosApp.swift */ = {isa = PBXFileReference; lastKnownFileType = sourcecode.swift; path = TodosApp.swift; sourceTree = "<group>"; };
		B27BA0D82C3EC11900B202D2 /* TodosView.swift */ = {isa = PBXFileReference; lastKnownFileType = sourcecode.swift; path = TodosView.swift; sourceTree = "<group>"; };
		B27BA0DA2C3EC11A00B202D2 /* Assets.xcassets */ = {isa = PBXFileReference; lastKnownFileType = folder.assetcatalog; path = Assets.xcassets; sourceTree = "<group>"; };
		B27BA0DD2C3EC11A00B202D2 /* Preview Assets.xcassets */ = {isa = PBXFileReference; lastKnownFileType = folder.assetcatalog; path = "Preview Assets.xcassets"; sourceTree = "<group>"; };
		B27BA0E32C3EC11A00B202D2 /* todosTests.xctest */ = {isa = PBXFileReference; explicitFileType = wrapper.cfbundle; includeInIndex = 0; path = todosTests.xctest; sourceTree = BUILT_PRODUCTS_DIR; };
		B27BA0E72C3EC11A00B202D2 /* todosTests.swift */ = {isa = PBXFileReference; lastKnownFileType = sourcecode.swift; path = todosTests.swift; sourceTree = "<group>"; };
		B27BA0ED2C3EC11A00B202D2 /* todosUITests.xctest */ = {isa = PBXFileReference; explicitFileType = wrapper.cfbundle; includeInIndex = 0; path = todosUITests.xctest; sourceTree = BUILT_PRODUCTS_DIR; };
		B27BA0F12C3EC11A00B202D2 /* todosUITests.swift */ = {isa = PBXFileReference; lastKnownFileType = sourcecode.swift; path = todosUITests.swift; sourceTree = "<group>"; };
		B27BA0F32C3EC11A00B202D2 /* todosUITestsLaunchTests.swift */ = {isa = PBXFileReference; lastKnownFileType = sourcecode.swift; path = todosUITestsLaunchTests.swift; sourceTree = "<group>"; };
		B27BA1002C3EC1B800B202D2 /* Todo.swift */ = {isa = PBXFileReference; lastKnownFileType = sourcecode.swift; path = Todo.swift; sourceTree = "<group>"; };
		B27BA1022C3EC43A00B202D2 /* TodoListView.swift */ = {isa = PBXFileReference; lastKnownFileType = sourcecode.swift; path = TodoListView.swift; sourceTree = "<group>"; };
		B27BA1042C3EC49200B202D2 /* TodoFormView.swift */ = {isa = PBXFileReference; lastKnownFileType = sourcecode.swift; path = TodoFormView.swift; sourceTree = "<group>"; };
/* End PBXFileReference section */

/* Begin PBXFrameworksBuildPhase section */
		B27BA0D02C3EC11900B202D2 /* Frameworks */ = {
			isa = PBXFrameworksBuildPhase;
			buildActionMask = 2147483647;
			files = (
			);
			runOnlyForDeploymentPostprocessing = 0;
		};
		B27BA0E02C3EC11A00B202D2 /* Frameworks */ = {
			isa = PBXFrameworksBuildPhase;
			buildActionMask = 2147483647;
			files = (
			);
			runOnlyForDeploymentPostprocessing = 0;
		};
		B27BA0EA2C3EC11A00B202D2 /* Frameworks */ = {
			isa = PBXFrameworksBuildPhase;
			buildActionMask = 2147483647;
			files = (
			);
			runOnlyForDeploymentPostprocessing = 0;
		};
/* End PBXFrameworksBuildPhase section */

/* Begin PBXGroup section */
		B27BA0CA2C3EC11900B202D2 = {
			isa = PBXGroup;
			children = (
				B27BA0D52C3EC11900B202D2 /* todos */,
				B27BA0E62C3EC11A00B202D2 /* todosTests */,
				B27BA0F02C3EC11A00B202D2 /* todosUITests */,
				B27BA0D42C3EC11900B202D2 /* Products */,
			);
			sourceTree = "<group>";
		};
		B27BA0D42C3EC11900B202D2 /* Products */ = {
			isa = PBXGroup;
			children = (
				B27BA0D32C3EC11900B202D2 /* todos.app */,
				B27BA0E32C3EC11A00B202D2 /* todosTests.xctest */,
				B27BA0ED2C3EC11A00B202D2 /* todosUITests.xctest */,
			);
			name = Products;
			sourceTree = "<group>";
		};
		B27BA0D52C3EC11900B202D2 /* todos */ = {
			isa = PBXGroup;
			children = (
				B27BA0D62C3EC11900B202D2 /* TodosApp.swift */,
				B27BA0D82C3EC11900B202D2 /* TodosView.swift */,
				B27BA1022C3EC43A00B202D2 /* TodoListView.swift */,
				B27BA1042C3EC49200B202D2 /* TodoFormView.swift */,
				B27BA1002C3EC1B800B202D2 /* Todo.swift */,
				B27BA0DA2C3EC11A00B202D2 /* Assets.xcassets */,
				B27BA0DC2C3EC11A00B202D2 /* Preview Content */,
			);
			path = todos;
			sourceTree = "<group>";
		};
		B27BA0DC2C3EC11A00B202D2 /* Preview Content */ = {
			isa = PBXGroup;
			children = (
				B27BA0DD2C3EC11A00B202D2 /* Preview Assets.xcassets */,
			);
			path = "Preview Content";
			sourceTree = "<group>";
		};
		B27BA0E62C3EC11A00B202D2 /* todosTests */ = {
			isa = PBXGroup;
			children = (
				B27BA0E72C3EC11A00B202D2 /* todosTests.swift */,
			);
			path = todosTests;
			sourceTree = "<group>";
		};
		B27BA0F02C3EC11A00B202D2 /* todosUITests */ = {
			isa = PBXGroup;
			children = (
				B27BA0F12C3EC11A00B202D2 /* todosUITests.swift */,
				B27BA0F32C3EC11A00B202D2 /* todosUITestsLaunchTests.swift */,
			);
			path = todosUITests;
			sourceTree = "<group>";
		};
/* End PBXGroup section */

/* Begin PBXNativeTarget section */
		B27BA0D22C3EC11900B202D2 /* todos */ = {
			isa = PBXNativeTarget;
			buildConfigurationList = B27BA0F72C3EC11A00B202D2 /* Build configuration list for PBXNativeTarget "todos" */;
			buildPhases = (
				B27BA0CF2C3EC11900B202D2 /* Sources */,
				B27BA0D02C3EC11900B202D2 /* Frameworks */,
				B27BA0D12C3EC11900B202D2 /* Resources */,
			);
			buildRules = (
			);
			dependencies = (
			);
			name = todos;
			productName = todos;
			productReference = B27BA0D32C3EC11900B202D2 /* todos.app */;
			productType = "com.apple.product-type.application";
		};
		B27BA0E22C3EC11A00B202D2 /* todosTests */ = {
			isa = PBXNativeTarget;
			buildConfigurationList = B27BA0FA2C3EC11A00B202D2 /* Build configuration list for PBXNativeTarget "todosTests" */;
			buildPhases = (
				B27BA0DF2C3EC11A00B202D2 /* Sources */,
				B27BA0E02C3EC11A00B202D2 /* Frameworks */,
				B27BA0E12C3EC11A00B202D2 /* Resources */,
			);
			buildRules = (
			);
			dependencies = (
				B27BA0E52C3EC11A00B202D2 /* PBXTargetDependency */,
			);
			name = todosTests;
			productName = todosTests;
			productReference = B27BA0E32C3EC11A00B202D2 /* todosTests.xctest */;
			productType = "com.apple.product-type.bundle.unit-test";
		};
		B27BA0EC2C3EC11A00B202D2 /* todosUITests */ = {
			isa = PBXNativeTarget;
			buildConfigurationList = B27BA0FD2C3EC11A00B202D2 /* Build configuration list for PBXNativeTarget "todosUITests" */;
			buildPhases = (
				B27BA0E92C3EC11A00B202D2 /* Sources */,
				B27BA0EA2C3EC11A00B202D2 /* Frameworks */,
				B27BA0EB2C3EC11A00B202D2 /* Resources */,
			);
			buildRules = (
			);
			dependencies = (
				B27BA0EF2C3EC11A00B202D2 /* PBXTargetDependency */,
			);
			name = todosUITests;
			productName = todosUITests;
			productReference = B27BA0ED2C3EC11A00B202D2 /* todosUITests.xctest */;
			productType = "com.apple.product-type.bundle.ui-testing";
		};
/* End PBXNativeTarget section */

/* Begin PBXProject section */
		B27BA0CB2C3EC11900B202D2 /* Project object */ = {
			isa = PBXProject;
			attributes = {
				BuildIndependentTargetsInParallel = 1;
				LastSwiftUpdateCheck = 1540;
				LastUpgradeCheck = 1540;
				TargetAttributes = {
					B27BA0D22C3EC11900B202D2 = {
						CreatedOnToolsVersion = 15.4;
					};
					B27BA0E22C3EC11A00B202D2 = {
						CreatedOnToolsVersion = 15.4;
						TestTargetID = B27BA0D22C3EC11900B202D2;
					};
					B27BA0EC2C3EC11A00B202D2 = {
						CreatedOnToolsVersion = 15.4;
						TestTargetID = B27BA0D22C3EC11900B202D2;
					};
				};
			};
			buildConfigurationList = B27BA0CE2C3EC11900B202D2 /* Build configuration list for PBXProject "todos" */;
			compatibilityVersion = "Xcode 14.0";
			developmentRegion = en;
			hasScannedForEncodings = 0;
			knownRegions = (
				en,
				Base,
			);
			mainGroup = B27BA0CA2C3EC11900B202D2;
			productRefGroup = B27BA0D42C3EC11900B202D2 /* Products */;
			projectDirPath = "";
			projectRoot = "";
			targets = (
				B27BA0D22C3EC11900B202D2 /* todos */,
				B27BA0E22C3EC11A00B202D2 /* todosTests */,
				B27BA0EC2C3EC11A00B202D2 /* todosUITests */,
			);
		};
/* End PBXProject section */

/* Begin PBXResourcesBuildPhase section */
		B27BA0D12C3EC11900B202D2 /* Resources */ = {
			isa = PBXResourcesBuildPhase;
			buildActionMask = 2147483647;
			files = (
				B27BA0DE2C3EC11A00B202D2 /* Preview Assets.xcassets in Resources */,
				B27BA0DB2C3EC11A00B202D2 /* Assets.xcassets in Resources */,
			);
			runOnlyForDeploymentPostprocessing = 0;
		};
		B27BA0E12C3EC11A00B202D2 /* Resources */ = {
			isa = PBXResourcesBuildPhase;
			buildActionMask = 2147483647;
			files = (
			);
			runOnlyForDeploymentPostprocessing = 0;
		};
		B27BA0EB2C3EC11A00B202D2 /* Resources */ = {
			isa = PBXResourcesBuildPhase;
			buildActionMask = 2147483647;
			files = (
			);
			runOnlyForDeploymentPostprocessing = 0;
		};
/* End PBXResourcesBuildPhase section */

/* Begin PBXSourcesBuildPhase section */
		B27BA0CF2C3EC11900B202D2 /* Sources */ = {
			isa = PBXSourcesBuildPhase;
			buildActionMask = 2147483647;
			files = (
				B27BA0D92C3EC11900B202D2 /* TodosView.swift in Sources */,
				B27BA1052C3EC49200B202D2 /* TodoFormView.swift in Sources */,
				B27BA1012C3EC1B800B202D2 /* Todo.swift in Sources */,
				B27BA1032C3EC43A00B202D2 /* TodoListView.swift in Sources */,
				B27BA0D72C3EC11900B202D2 /* TodosApp.swift in Sources */,
			);
			runOnlyForDeploymentPostprocessing = 0;
		};
		B27BA0DF2C3EC11A00B202D2 /* Sources */ = {
			isa = PBXSourcesBuildPhase;
			buildActionMask = 2147483647;
			files = (
				B27BA0E82C3EC11A00B202D2 /* todosTests.swift in Sources */,
			);
			runOnlyForDeploymentPostprocessing = 0;
		};
		B27BA0E92C3EC11A00B202D2 /* Sources */ = {
			isa = PBXSourcesBuildPhase;
			buildActionMask = 2147483647;
			files = (
				B27BA0F42C3EC11A00B202D2 /* todosUITestsLaunchTests.swift in Sources */,
				B27BA0F22C3EC11A00B202D2 /* todosUITests.swift in Sources */,
			);
			runOnlyForDeploymentPostprocessing = 0;
		};
/* End PBXSourcesBuildPhase section */

/* Begin PBXTargetDependency section */
		B27BA0E52C3EC11A00B202D2 /* PBXTargetDependency */ = {
			isa = PBXTargetDependency;
			target = B27BA0D22C3EC11900B202D2 /* todos */;
			targetProxy = B27BA0E42C3EC11A00B202D2 /* PBXContainerItemProxy */;
		};
		B27BA0EF2C3EC11A00B202D2 /* PBXTargetDependency */ = {
			isa = PBXTargetDependency;
			target = B27BA0D22C3EC11900B202D2 /* todos */;
			targetProxy = B27BA0EE2C3EC11A00B202D2 /* PBXContainerItemProxy */;
		};
/* End PBXTargetDependency section */

/* Begin XCBuildConfiguration section */
		B27BA0F52C3EC11A00B202D2 /* Debug */ = {
			isa = XCBuildConfiguration;
			buildSettings = {
				ALWAYS_SEARCH_USER_PATHS = NO;
				ASSETCATALOG_COMPILER_GENERATE_SWIFT_ASSET_SYMBOL_EXTENSIONS = YES;
				CLANG_ANALYZER_NONNULL = YES;
				CLANG_ANALYZER_NUMBER_OBJECT_CONVERSION = YES_AGGRESSIVE;
				CLANG_CXX_LANGUAGE_STANDARD = "gnu++20";
				CLANG_ENABLE_MODULES = YES;
				CLANG_ENABLE_OBJC_ARC = YES;
				CLANG_ENABLE_OBJC_WEAK = YES;
				CLANG_WARN_BLOCK_CAPTURE_AUTORELEASING = YES;
				CLANG_WARN_BOOL_CONVERSION = YES;
				CLANG_WARN_COMMA = YES;
				CLANG_WARN_CONSTANT_CONVERSION = YES;
				CLANG_WARN_DEPRECATED_OBJC_IMPLEMENTATIONS = YES;
				CLANG_WARN_DIRECT_OBJC_ISA_USAGE = YES_ERROR;
				CLANG_WARN_DOCUMENTATION_COMMENTS = YES;
				CLANG_WARN_EMPTY_BODY = YES;
				CLANG_WARN_ENUM_CONVERSION = YES;
				CLANG_WARN_INFINITE_RECURSION = YES;
				CLANG_WARN_INT_CONVERSION = YES;
				CLANG_WARN_NON_LITERAL_NULL_CONVERSION = YES;
				CLANG_WARN_OBJC_IMPLICIT_RETAIN_SELF = YES;
				CLANG_WARN_OBJC_LITERAL_CONVERSION = YES;
				CLANG_WARN_OBJC_ROOT_CLASS = YES_ERROR;
				CLANG_WARN_QUOTED_INCLUDE_IN_FRAMEWORK_HEADER = YES;
				CLANG_WARN_RANGE_LOOP_ANALYSIS = YES;
				CLANG_WARN_STRICT_PROTOTYPES = YES;
				CLANG_WARN_SUSPICIOUS_MOVE = YES;
				CLANG_WARN_UNGUARDED_AVAILABILITY = YES_AGGRESSIVE;
				CLANG_WARN_UNREACHABLE_CODE = YES;
				CLANG_WARN__DUPLICATE_METHOD_MATCH = YES;
				COPY_PHASE_STRIP = NO;
				DEBUG_INFORMATION_FORMAT = dwarf;
				ENABLE_STRICT_OBJC_MSGSEND = YES;
				ENABLE_TESTABILITY = YES;
				ENABLE_USER_SCRIPT_SANDBOXING = YES;
				GCC_C_LANGUAGE_STANDARD = gnu17;
				GCC_DYNAMIC_NO_PIC = NO;
				GCC_NO_COMMON_BLOCKS = YES;
				GCC_OPTIMIZATION_LEVEL = 0;
				GCC_PREPROCESSOR_DEFINITIONS = (
					"DEBUG=1",
					"$(inherited)",
				);
				GCC_WARN_64_TO_32_BIT_CONVERSION = YES;
				GCC_WARN_ABOUT_RETURN_TYPE = YES_ERROR;
				GCC_WARN_UNDECLARED_SELECTOR = YES;
				GCC_WARN_UNINITIALIZED_AUTOS = YES_AGGRESSIVE;
				GCC_WARN_UNUSED_FUNCTION = YES;
				GCC_WARN_UNUSED_VARIABLE = YES;
				IPHONEOS_DEPLOYMENT_TARGET = 17.5;
				LOCALIZATION_PREFERS_STRING_CATALOGS = YES;
				MTL_ENABLE_DEBUG_INFO = INCLUDE_SOURCE;
				MTL_FAST_MATH = YES;
				ONLY_ACTIVE_ARCH = YES;
				SDKROOT = iphoneos;
				SWIFT_ACTIVE_COMPILATION_CONDITIONS = "DEBUG $(inherited)";
				SWIFT_OPTIMIZATION_LEVEL = "-Onone";
			};
			name = Debug;
		};
		B27BA0F62C3EC11A00B202D2 /* Release */ = {
			isa = XCBuildConfiguration;
			buildSettings = {
				ALWAYS_SEARCH_USER_PATHS = NO;
				ASSETCATALOG_COMPILER_GENERATE_SWIFT_ASSET_SYMBOL_EXTENSIONS = YES;
				CLANG_ANALYZER_NONNULL = YES;
				CLANG_ANALYZER_NUMBER_OBJECT_CONVERSION = YES_AGGRESSIVE;
				CLANG_CXX_LANGUAGE_STANDARD = "gnu++20";
				CLANG_ENABLE_MODULES = YES;
				CLANG_ENABLE_OBJC_ARC = YES;
				CLANG_ENABLE_OBJC_WEAK = YES;
				CLANG_WARN_BLOCK_CAPTURE_AUTORELEASING = YES;
				CLANG_WARN_BOOL_CONVERSION = YES;
				CLANG_WARN_COMMA = YES;
				CLANG_WARN_CONSTANT_CONVERSION = YES;
				CLANG_WARN_DEPRECATED_OBJC_IMPLEMENTATIONS = YES;
				CLANG_WARN_DIRECT_OBJC_ISA_USAGE = YES_ERROR;
				CLANG_WARN_DOCUMENTATION_COMMENTS = YES;
				CLANG_WARN_EMPTY_BODY = YES;
				CLANG_WARN_ENUM_CONVERSION = YES;
				CLANG_WARN_INFINITE_RECURSION = YES;
				CLANG_WARN_INT_CONVERSION = YES;
				CLANG_WARN_NON_LITERAL_NULL_CONVERSION = YES;
				CLANG_WARN_OBJC_IMPLICIT_RETAIN_SELF = YES;
				CLANG_WARN_OBJC_LITERAL_CONVERSION = YES;
				CLANG_WARN_OBJC_ROOT_CLASS = YES_ERROR;
				CLANG_WARN_QUOTED_INCLUDE_IN_FRAMEWORK_HEADER = YES;
				CLANG_WARN_RANGE_LOOP_ANALYSIS = YES;
				CLANG_WARN_STRICT_PROTOTYPES = YES;
				CLANG_WARN_SUSPICIOUS_MOVE = YES;
				CLANG_WARN_UNGUARDED_AVAILABILITY = YES_AGGRESSIVE;
				CLANG_WARN_UNREACHABLE_CODE = YES;
				CLANG_WARN__DUPLICATE_METHOD_MATCH = YES;
				COPY_PHASE_STRIP = NO;
				DEBUG_INFORMATION_FORMAT = "dwarf-with-dsym";
				ENABLE_NS_ASSERTIONS = NO;
				ENABLE_STRICT_OBJC_MSGSEND = YES;
				ENABLE_USER_SCRIPT_SANDBOXING = YES;
				GCC_C_LANGUAGE_STANDARD = gnu17;
				GCC_NO_COMMON_BLOCKS = YES;
				GCC_WARN_64_TO_32_BIT_CONVERSION = YES;
				GCC_WARN_ABOUT_RETURN_TYPE = YES_ERROR;
				GCC_WARN_UNDECLARED_SELECTOR = YES;
				GCC_WARN_UNINITIALIZED_AUTOS = YES_AGGRESSIVE;
				GCC_WARN_UNUSED_FUNCTION = YES;
				GCC_WARN_UNUSED_VARIABLE = YES;
				IPHONEOS_DEPLOYMENT_TARGET = 17.5;
				LOCALIZATION_PREFERS_STRING_CATALOGS = YES;
				MTL_ENABLE_DEBUG_INFO = NO;
				MTL_FAST_MATH = YES;
				SDKROOT = iphoneos;
				SWIFT_COMPILATION_MODE = wholemodule;
				VALIDATE_PRODUCT = YES;
			};
			name = Release;
		};
		B27BA0F82C3EC11A00B202D2 /* Debug */ = {
			isa = XCBuildConfiguration;
			buildSettings = {
				ASSETCATALOG_COMPILER_APPICON_NAME = AppIcon;
				ASSETCATALOG_COMPILER_GLOBAL_ACCENT_COLOR_NAME = AccentColor;
				CODE_SIGN_STYLE = Automatic;
				CURRENT_PROJECT_VERSION = 1;
				DEVELOPMENT_ASSET_PATHS = "\"todos/Preview Content\"";
				DEVELOPMENT_TEAM = 34A9J24W7Y;
				ENABLE_PREVIEWS = YES;
				GENERATE_INFOPLIST_FILE = YES;
				INFOPLIST_KEY_UIApplicationSceneManifest_Generation = YES;
				INFOPLIST_KEY_UIApplicationSupportsIndirectInputEvents = YES;
				INFOPLIST_KEY_UILaunchScreen_Generation = YES;
				INFOPLIST_KEY_UISupportedInterfaceOrientations_iPad = "UIInterfaceOrientationPortrait UIInterfaceOrientationPortraitUpsideDown UIInterfaceOrientationLandscapeLeft UIInterfaceOrientationLandscapeRight";
				INFOPLIST_KEY_UISupportedInterfaceOrientations_iPhone = "UIInterfaceOrientationPortrait UIInterfaceOrientationLandscapeLeft UIInterfaceOrientationLandscapeRight";
				LD_RUNPATH_SEARCH_PATHS = (
					"$(inherited)",
					"@executable_path/Frameworks",
				);
				MARKETING_VERSION = 1.0;
				PRODUCT_BUNDLE_IDENTIFIER = pl.training.todos;
				PRODUCT_NAME = "$(TARGET_NAME)";
				SWIFT_EMIT_LOC_STRINGS = YES;
				SWIFT_VERSION = 5.0;
				TARGETED_DEVICE_FAMILY = "1,2";
			};
			name = Debug;
		};
		B27BA0F92C3EC11A00B202D2 /* Release */ = {
			isa = XCBuildConfiguration;
			buildSettings = {
				ASSETCATALOG_COMPILER_APPICON_NAME = AppIcon;
				ASSETCATALOG_COMPILER_GLOBAL_ACCENT_COLOR_NAME = AccentColor;
				CODE_SIGN_STYLE = Automatic;
				CURRENT_PROJECT_VERSION = 1;
				DEVELOPMENT_ASSET_PATHS = "\"todos/Preview Content\"";
				DEVELOPMENT_TEAM = 34A9J24W7Y;
				ENABLE_PREVIEWS = YES;
				GENERATE_INFOPLIST_FILE = YES;
				INFOPLIST_KEY_UIApplicationSceneManifest_Generation = YES;
				INFOPLIST_KEY_UIApplicationSupportsIndirectInputEvents = YES;
				INFOPLIST_KEY_UILaunchScreen_Generation = YES;
				INFOPLIST_KEY_UISupportedInterfaceOrientations_iPad = "UIInterfaceOrientationPortrait UIInterfaceOrientationPortraitUpsideDown UIInterfaceOrientationLandscapeLeft UIInterfaceOrientationLandscapeRight";
				INFOPLIST_KEY_UISupportedInterfaceOrientations_iPhone = "UIInterfaceOrientationPortrait UIInterfaceOrientationLandscapeLeft UIInterfaceOrientationLandscapeRight";
				LD_RUNPATH_SEARCH_PATHS = (
					"$(inherited)",
					"@executable_path/Frameworks",
				);
				MARKETING_VERSION = 1.0;
				PRODUCT_BUNDLE_IDENTIFIER = pl.training.todos;
				PRODUCT_NAME = "$(TARGET_NAME)";
				SWIFT_EMIT_LOC_STRINGS = YES;
				SWIFT_VERSION = 5.0;
				TARGETED_DEVICE_FAMILY = "1,2";
			};
			name = Release;
		};
		B27BA0FB2C3EC11A00B202D2 /* Debug */ = {
			isa = XCBuildConfiguration;
			buildSettings = {
				ALWAYS_EMBED_SWIFT_STANDARD_LIBRARIES = YES;
				BUNDLE_LOADER = "$(TEST_HOST)";
				CODE_SIGN_STYLE = Automatic;
				CURRENT_PROJECT_VERSION = 1;
				DEVELOPMENT_TEAM = 34A9J24W7Y;
				GENERATE_INFOPLIST_FILE = YES;
				IPHONEOS_DEPLOYMENT_TARGET = 17.5;
				MARKETING_VERSION = 1.0;
				PRODUCT_BUNDLE_IDENTIFIER = pl.training.todosTests;
				PRODUCT_NAME = "$(TARGET_NAME)";
				SWIFT_EMIT_LOC_STRINGS = NO;
				SWIFT_VERSION = 5.0;
				TARGETED_DEVICE_FAMILY = "1,2";
				TEST_HOST = "$(BUILT_PRODUCTS_DIR)/todos.app/$(BUNDLE_EXECUTABLE_FOLDER_PATH)/todos";
			};
			name = Debug;
		};
		B27BA0FC2C3EC11A00B202D2 /* Release */ = {
			isa = XCBuildConfiguration;
			buildSettings = {
				ALWAYS_EMBED_SWIFT_STANDARD_LIBRARIES = YES;
				BUNDLE_LOADER = "$(TEST_HOST)";
				CODE_SIGN_STYLE = Automatic;
				CURRENT_PROJECT_VERSION = 1;
				DEVELOPMENT_TEAM = 34A9J24W7Y;
				GENERATE_INFOPLIST_FILE = YES;
				IPHONEOS_DEPLOYMENT_TARGET = 17.5;
				MARKETING_VERSION = 1.0;
				PRODUCT_BUNDLE_IDENTIFIER = pl.training.todosTests;
				PRODUCT_NAME = "$(TARGET_NAME)";
				SWIFT_EMIT_LOC_STRINGS = NO;
				SWIFT_VERSION = 5.0;
				TARGETED_DEVICE_FAMILY = "1,2";
				TEST_HOST = "$(BUILT_PRODUCTS_DIR)/todos.app/$(BUNDLE_EXECUTABLE_FOLDER_PATH)/todos";
			};
			name = Release;
		};
		B27BA0FE2C3EC11A00B202D2 /* Debug */ = {
			isa = XCBuildConfiguration;
			buildSettings = {
				ALWAYS_EMBED_SWIFT_STANDARD_LIBRARIES = YES;
				CODE_SIGN_STYLE = Automatic;
				CURRENT_PROJECT_VERSION = 1;
				DEVELOPMENT_TEAM = 34A9J24W7Y;
				GENERATE_INFOPLIST_FILE = YES;
				MARKETING_VERSION = 1.0;
				PRODUCT_BUNDLE_IDENTIFIER = pl.training.todosUITests;
				PRODUCT_NAME = "$(TARGET_NAME)";
				SWIFT_EMIT_LOC_STRINGS = NO;
				SWIFT_VERSION = 5.0;
				TARGETED_DEVICE_FAMILY = "1,2";
				TEST_TARGET_NAME = todos;
			};
			name = Debug;
		};
		B27BA0FF2C3EC11A00B202D2 /* Release */ = {
			isa = XCBuildConfiguration;
			buildSettings = {
				ALWAYS_EMBED_SWIFT_STANDARD_LIBRARIES = YES;
				CODE_SIGN_STYLE = Automatic;
				CURRENT_PROJECT_VERSION = 1;
				DEVELOPMENT_TEAM = 34A9J24W7Y;
				GENERATE_INFOPLIST_FILE = YES;
				MARKETING_VERSION = 1.0;
				PRODUCT_BUNDLE_IDENTIFIER = pl.training.todosUITests;
				PRODUCT_NAME = "$(TARGET_NAME)";
				SWIFT_EMIT_LOC_STRINGS = NO;
				SWIFT_VERSION = 5.0;
				TARGETED_DEVICE_FAMILY = "1,2";
				TEST_TARGET_NAME = todos;
			};
			name = Release;
		};
/* End XCBuildConfiguration section */

/* Begin XCConfigurationList section */
		B27BA0CE2C3EC11900B202D2 /* Build configuration list for PBXProject "todos" */ = {
			isa = XCConfigurationList;
			buildConfigurations = (
				B27BA0F52C3EC11A00B202D2 /* Debug */,
				B27BA0F62C3EC11A00B202D2 /* Release */,
			);
			defaultConfigurationIsVisible = 0;
			defaultConfigurationName = Release;
		};
		B27BA0F72C3EC11A00B202D2 /* Build configuration list for PBXNativeTarget "todos" */ = {
			isa = XCConfigurationList;
			buildConfigurations = (
				B27BA0F82C3EC11A00B202D2 /* Debug */,
				B27BA0F92C3EC11A00B202D2 /* Release */,
			);
			defaultConfigurationIsVisible = 0;
			defaultConfigurationName = Release;
		};
		B27BA0FA2C3EC11A00B202D2 /* Build configuration list for PBXNativeTarget "todosTests" */ = {
			isa = XCConfigurationList;
			buildConfigurations = (
				B27BA0FB2C3EC11A00B202D2 /* Debug */,
				B27BA0FC2C3EC11A00B202D2 /* Release */,
			);
			defaultConfigurationIsVisible = 0;
			defaultConfigurationName = Release;
		};
		B27BA0FD2C3EC11A00B202D2 /* Build configuration list for PBXNativeTarget "todosUITests" */ = {
			isa = XCConfigurationList;
			buildConfigurations = (
				B27BA0FE2C3EC11A00B202D2 /* Debug */,
				B27BA0FF2C3EC11A00B202D2 /* Release */,
			);
			defaultConfigurationIsVisible = 0;
			defaultConfigurationName = Release;
		};
/* End XCConfigurationList section */
	};
	rootObject = B27BA0CB2C3EC11900B202D2 /* Project object */;
}
